
Microsoft Visual Studio Solution File, Format Version 12.00
# Visual Studio Version 17
VisualStudioVersion = 17.6.33829.357
MinimumVisualStudioVersion = 10.0.40219.1
Project("{FAE04EC0-301F-11D3-BF4B-00C04F79EFBC}") = "ASPWebApplication", "ASPWebApplication\ASPWebApplication.csproj", "{57554986-BD10-4893-ABD2-0534870343CE}"
EndProject
Global
	GlobalSection(SolutionConfigurationPlatforms) = preSolution
		Debug|Any CPU = Debug|Any CPU
		Release|Any CPU = Release|Any CPU
	EndGlobalSection
	GlobalSection(ProjectConfigurationPlatforms) = postSolution
		{57554986-BD10-4893-ABD2-0534870343CE}.Debug|Any CPU.ActiveCfg = Debug|Any CPU
		{57554986-BD10-4893-ABD2-0534870343CE}.Debug|Any CPU.Build.0 = Debug|Any CPU
		{57554986-BD10-4893-ABD2-0534870343CE}.Release|Any CPU.ActiveCfg = Release|Any CPU
		{57554986-BD10-4893-ABD2-0534870343CE}.Release|Any CPU.Build.0 = Release|Any CPU
	EndGlobalSection
	GlobalSection(SolutionProperties) = preSolution
		HideSolutionNode = FALSE
	EndGlobalSection
	GlobalSection(ExtensibilityGlobals) = postSolution
		SolutionGuid = {AE20E3B1-0EE2-442C-AABA-5AC43F3FFA66}
	EndGlobalSection
EndGlobal
